// !$*UTF8*$!
{
	archiveVersion = 1;
	classes = {
	};
	objectVersion = 55;
	objects = {

/* Begin PBXBuildFile section */
		221114C528671CCF002FC98C /* TunerApp.swift in Sources */ = {isa = PBXBuildFile; fileRef = 221114C428671CCF002FC98C /* TunerApp.swift */; };
		221114C928671CD1002FC98C /* Assets.xcassets in Resources */ = {isa = PBXBuildFile; fileRef = 221114C828671CD1002FC98C /* Assets.xcassets */; };
		221114CC28671CD1002FC98C /* Preview Assets.xcassets in Resources */ = {isa = PBXBuildFile; fileRef = 221114CB28671CD1002FC98C /* Preview Assets.xcassets */; };
		221114D928671D60002FC98C /* TunerViewModel.swift in Sources */ = {isa = PBXBuildFile; fileRef = 221114D328671D5F002FC98C /* TunerViewModel.swift */; };
		221114DA28671D60002FC98C /* TunerView.swift in Sources */ = {isa = PBXBuildFile; fileRef = 221114D428671D5F002FC98C /* TunerView.swift */; };
		221114DB28671D60002FC98C /* BezelView.swift in Sources */ = {isa = PBXBuildFile; fileRef = 221114D528671D5F002FC98C /* BezelView.swift */; };
		221114DD28671D60002FC98C /* TunerModel.swift in Sources */ = {isa = PBXBuildFile; fileRef = 221114D728671D60002FC98C /* TunerModel.swift */; };
		221114DF28671D87002FC98C /* Audio.swift in Sources */ = {isa = PBXBuildFile; fileRef = 221114DE28671D87002FC98C /* Audio.swift */; };
		222ABC91286730F50050EDB1 /* AudioKit in Frameworks */ = {isa = PBXBuildFile; productRef = 222ABC90286730F50050EDB1 /* AudioKit */; };
		222ABC942867316F0050EDB1 /* AudioKitEX in Frameworks */ = {isa = PBXBuildFile; productRef = 222ABC932867316F0050EDB1 /* AudioKitEX */; };
		222ABC97286731990050EDB1 /* SoundpipeAudioKit in Frameworks */ = {isa = PBXBuildFile; productRef = 222ABC96286731990050EDB1 /* SoundpipeAudioKit */; };
		222ABCA5286732340050EDB1 /* View-ReadSize.swift in Sources */ = {isa = PBXBuildFile; fileRef = 222ABC9A286732340050EDB1 /* View-ReadSize.swift */; };
		222ABCAA286732340050EDB1 /* Comparable-Clamped.swift in Sources */ = {isa = PBXBuildFile; fileRef = 222ABC9F286732340050EDB1 /* Comparable-Clamped.swift */; };
		222ABCAB286732340050EDB1 /* CGPoint-Rotate.swift in Sources */ = {isa = PBXBuildFile; fileRef = 222ABCA0286732340050EDB1 /* CGPoint-Rotate.swift */; };
		222ABCAC286732340050EDB1 /* CGPoint-Midpoint.swift in Sources */ = {isa = PBXBuildFile; fileRef = 222ABCA1286732340050EDB1 /* CGPoint-Midpoint.swift */; };
		22CDC5542867A6AC009F4DA6 /* VisualizerView.swift in Sources */ = {isa = PBXBuildFile; fileRef = 22CDC5532867A6AC009F4DA6 /* VisualizerView.swift */; };
		22CDC55C2867ACC1009F4DA6 /* FaceView.swift in Sources */ = {isa = PBXBuildFile; fileRef = 22CDC55B2867ACC1009F4DA6 /* FaceView.swift */; };
		22CDC56B2867D92F009F4DA6 /* WedgeShape.swift in Sources */ = {isa = PBXBuildFile; fileRef = 22CDC56A2867D92F009F4DA6 /* WedgeShape.swift */; };
		22CDC56D2867DA68009F4DA6 /* WaveShape.swift in Sources */ = {isa = PBXBuildFile; fileRef = 22CDC56C2867DA68009F4DA6 /* WaveShape.swift */; };
/* End PBXBuildFile section */

/* Begin PBXFileReference section */
		221114C128671CCF002FC98C /* Tuner.app */ = {isa = PBXFileReference; explicitFileType = wrapper.application; includeInIndex = 0; path = Tuner.app; sourceTree = BUILT_PRODUCTS_DIR; };
		221114C428671CCF002FC98C /* TunerApp.swift */ = {isa = PBXFileReference; lastKnownFileType = sourcecode.swift; path = TunerApp.swift; sourceTree = "<group>"; };
		221114C828671CD1002FC98C /* Assets.xcassets */ = {isa = PBXFileReference; lastKnownFileType = folder.assetcatalog; path = Assets.xcassets; sourceTree = "<group>"; };
		221114CB28671CD1002FC98C /* Preview Assets.xcassets */ = {isa = PBXFileReference; lastKnownFileType = folder.assetcatalog; path = "Preview Assets.xcassets"; sourceTree = "<group>"; };
		221114D328671D5F002FC98C /* TunerViewModel.swift */ = {isa = PBXFileReference; fileEncoding = 4; lastKnownFileType = sourcecode.swift; path = TunerViewModel.swift; sourceTree = "<group>"; };
		221114D428671D5F002FC98C /* TunerView.swift */ = {isa = PBXFileReference; fileEncoding = 4; lastKnownFileType = sourcecode.swift; path = TunerView.swift; sourceTree = "<group>"; };
		221114D528671D5F002FC98C /* BezelView.swift */ = {isa = PBXFileReference; fileEncoding = 4; lastKnownFileType = sourcecode.swift; path = BezelView.swift; sourceTree = "<group>"; };
		221114D728671D60002FC98C /* TunerModel.swift */ = {isa = PBXFileReference; fileEncoding = 4; lastKnownFileType = sourcecode.swift; path = TunerModel.swift; sourceTree = "<group>"; };
		221114DE28671D87002FC98C /* Audio.swift */ = {isa = PBXFileReference; fileEncoding = 4; lastKnownFileType = sourcecode.swift; path = Audio.swift; sourceTree = "<group>"; };
		222ABC9A286732340050EDB1 /* View-ReadSize.swift */ = {isa = PBXFileReference; fileEncoding = 4; lastKnownFileType = sourcecode.swift; path = "View-ReadSize.swift"; sourceTree = "<group>"; };
		222ABC9F286732340050EDB1 /* Comparable-Clamped.swift */ = {isa = PBXFileReference; fileEncoding = 4; lastKnownFileType = sourcecode.swift; path = "Comparable-Clamped.swift"; sourceTree = "<group>"; };
		222ABCA0286732340050EDB1 /* CGPoint-Rotate.swift */ = {isa = PBXFileReference; fileEncoding = 4; lastKnownFileType = sourcecode.swift; path = "CGPoint-Rotate.swift"; sourceTree = "<group>"; };
		222ABCA1286732340050EDB1 /* CGPoint-Midpoint.swift */ = {isa = PBXFileReference; fileEncoding = 4; lastKnownFileType = sourcecode.swift; path = "CGPoint-Midpoint.swift"; sourceTree = "<group>"; };
		22CDC55028675E92009F4DA6 /* Info.plist */ = {isa = PBXFileReference; lastKnownFileType = text.plist; path = Info.plist; sourceTree = "<group>"; };
		22CDC5532867A6AC009F4DA6 /* VisualizerView.swift */ = {isa = PBXFileReference; lastKnownFileType = sourcecode.swift; path = VisualizerView.swift; sourceTree = "<group>"; };
		22CDC55B2867ACC1009F4DA6 /* FaceView.swift */ = {isa = PBXFileReference; lastKnownFileType = sourcecode.swift; path = FaceView.swift; sourceTree = "<group>"; };
		22CDC56A2867D92F009F4DA6 /* WedgeShape.swift */ = {isa = PBXFileReference; lastKnownFileType = sourcecode.swift; path = WedgeShape.swift; sourceTree = "<group>"; };
		22CDC56C2867DA68009F4DA6 /* WaveShape.swift */ = {isa = PBXFileReference; lastKnownFileType = sourcecode.swift; path = WaveShape.swift; sourceTree = "<group>"; };
/* End PBXFileReference section */

/* Begin PBXFrameworksBuildPhase section */
		221114BE28671CCF002FC98C /* Frameworks */ = {
			isa = PBXFrameworksBuildPhase;
			buildActionMask = 2147483647;
			files = (
				222ABC91286730F50050EDB1 /* AudioKit in Frameworks */,
				222ABC942867316F0050EDB1 /* AudioKitEX in Frameworks */,
				222ABC97286731990050EDB1 /* SoundpipeAudioKit in Frameworks */,
			);
			runOnlyForDeploymentPostprocessing = 0;
		};
/* End PBXFrameworksBuildPhase section */

/* Begin PBXGroup section */
		221114B828671CCF002FC98C = {
			isa = PBXGroup;
			children = (
				221114C328671CCF002FC98C /* Tuner */,
				221114C228671CCF002FC98C /* Products */,
			);
			sourceTree = "<group>";
		};
		221114C228671CCF002FC98C /* Products */ = {
			isa = PBXGroup;
			children = (
				221114C128671CCF002FC98C /* Tuner.app */,
			);
			name = Products;
			sourceTree = "<group>";
		};
		221114C328671CCF002FC98C /* Tuner */ = {
			isa = PBXGroup;
			children = (
				22CDC55028675E92009F4DA6 /* Info.plist */,
				221114C428671CCF002FC98C /* TunerApp.swift */,
				221114DE28671D87002FC98C /* Audio.swift */,
				221114D528671D5F002FC98C /* BezelView.swift */,
				22CDC55B2867ACC1009F4DA6 /* FaceView.swift */,
				221114D728671D60002FC98C /* TunerModel.swift */,
				221114D428671D5F002FC98C /* TunerView.swift */,
				221114D328671D5F002FC98C /* TunerViewModel.swift */,
				22CDC5532867A6AC009F4DA6 /* VisualizerView.swift */,
				22CDC56C2867DA68009F4DA6 /* WaveShape.swift */,
				22CDC56A2867D92F009F4DA6 /* WedgeShape.swift */,
				221114C828671CD1002FC98C /* Assets.xcassets */,
				222ABC98286732340050EDB1 /* Extensions */,
				221114CA28671CD1002FC98C /* Preview Content */,
			);
			path = Tuner;
			sourceTree = "<group>";
		};
		221114CA28671CD1002FC98C /* Preview Content */ = {
			isa = PBXGroup;
			children = (
				221114CB28671CD1002FC98C /* Preview Assets.xcassets */,
			);
			path = "Preview Content";
			sourceTree = "<group>";
		};
		222ABC98286732340050EDB1 /* Extensions */ = {
			isa = PBXGroup;
			children = (
				222ABC9A286732340050EDB1 /* View-ReadSize.swift */,
				222ABC9F286732340050EDB1 /* Comparable-Clamped.swift */,
				222ABCA0286732340050EDB1 /* CGPoint-Rotate.swift */,
				222ABCA1286732340050EDB1 /* CGPoint-Midpoint.swift */,
			);
			path = Extensions;
			sourceTree = "<group>";
		};
/* End PBXGroup section */

/* Begin PBXNativeTarget section */
		221114C028671CCF002FC98C /* Tuner */ = {
			isa = PBXNativeTarget;
			buildConfigurationList = 221114CF28671CD1002FC98C /* Build configuration list for PBXNativeTarget "Tuner" */;
			buildPhases = (
				221114BD28671CCF002FC98C /* Sources */,
				221114BE28671CCF002FC98C /* Frameworks */,
				221114BF28671CCF002FC98C /* Resources */,
			);
			buildRules = (
			);
			dependencies = (
			);
			name = Tuner;
			packageProductDependencies = (
				222ABC90286730F50050EDB1 /* AudioKit */,
				222ABC932867316F0050EDB1 /* AudioKitEX */,
				222ABC96286731990050EDB1 /* SoundpipeAudioKit */,
			);
			productName = Tuner;
			productReference = 221114C128671CCF002FC98C /* Tuner.app */;
			productType = "com.apple.product-type.application";
		};
/* End PBXNativeTarget section */

/* Begin PBXProject section */
		221114B928671CCF002FC98C /* Project object */ = {
			isa = PBXProject;
			attributes = {
				BuildIndependentTargetsInParallel = 1;
				LastSwiftUpdateCheck = 1330;
				LastUpgradeCheck = 1330;
				TargetAttributes = {
					221114C028671CCF002FC98C = {
						CreatedOnToolsVersion = 13.3;
					};
				};
			};
			buildConfigurationList = 221114BC28671CCF002FC98C /* Build configuration list for PBXProject "Tuner" */;
			compatibilityVersion = "Xcode 13.0";
			developmentRegion = en;
			hasScannedForEncodings = 0;
			knownRegions = (
				en,
				Base,
			);
			mainGroup = 221114B828671CCF002FC98C;
			packageReferences = (
				222ABC8F286730F50050EDB1 /* XCRemoteSwiftPackageReference "AudioKit" */,
				222ABC922867316F0050EDB1 /* XCRemoteSwiftPackageReference "AudioKitEX" */,
				222ABC95286731990050EDB1 /* XCRemoteSwiftPackageReference "SoundpipeAudioKit" */,
			);
			productRefGroup = 221114C228671CCF002FC98C /* Products */;
			projectDirPath = "";
			projectRoot = "";
			targets = (
				221114C028671CCF002FC98C /* Tuner */,
			);
		};
/* End PBXProject section */

/* Begin PBXResourcesBuildPhase section */
		221114BF28671CCF002FC98C /* Resources */ = {
			isa = PBXResourcesBuildPhase;
			buildActionMask = 2147483647;
			files = (
				221114CC28671CD1002FC98C /* Preview Assets.xcassets in Resources */,
				221114C928671CD1002FC98C /* Assets.xcassets in Resources */,
			);
			runOnlyForDeploymentPostprocessing = 0;
		};
/* End PBXResourcesBuildPhase section */

/* Begin PBXSourcesBuildPhase section */
		221114BD28671CCF002FC98C /* Sources */ = {
			isa = PBXSourcesBuildPhase;
			buildActionMask = 2147483647;
			files = (
				222ABCA5286732340050EDB1 /* View-ReadSize.swift in Sources */,
				222ABCAC286732340050EDB1 /* CGPoint-Midpoint.swift in Sources */,
				221114DF28671D87002FC98C /* Audio.swift in Sources */,
				221114D928671D60002FC98C /* TunerViewModel.swift in Sources */,
				221114DD28671D60002FC98C /* TunerModel.swift in Sources */,
				222ABCAB286732340050EDB1 /* CGPoint-Rotate.swift in Sources */,
				22CDC56B2867D92F009F4DA6 /* WedgeShape.swift in Sources */,
				221114DB28671D60002FC98C /* BezelView.swift in Sources */,
				222ABCAA286732340050EDB1 /* Comparable-Clamped.swift in Sources */,
				22CDC5542867A6AC009F4DA6 /* VisualizerView.swift in Sources */,
				221114DA28671D60002FC98C /* TunerView.swift in Sources */,
				221114C528671CCF002FC98C /* TunerApp.swift in Sources */,
				22CDC56D2867DA68009F4DA6 /* WaveShape.swift in Sources */,
				22CDC55C2867ACC1009F4DA6 /* FaceView.swift in Sources */,
			);
			runOnlyForDeploymentPostprocessing = 0;
		};
/* End PBXSourcesBuildPhase section */

/* Begin XCBuildConfiguration section */
		221114CD28671CD1002FC98C /* Debug */ = {
			isa = XCBuildConfiguration;
			buildSettings = {
				ALWAYS_SEARCH_USER_PATHS = NO;
				CLANG_ANALYZER_NONNULL = YES;
				CLANG_ANALYZER_NUMBER_OBJECT_CONVERSION = YES_AGGRESSIVE;
				CLANG_CXX_LANGUAGE_STANDARD = "gnu++17";
				CLANG_ENABLE_MODULES = YES;
				CLANG_ENABLE_OBJC_ARC = YES;
				CLANG_ENABLE_OBJC_WEAK = YES;
				CLANG_WARN_BLOCK_CAPTURE_AUTORELEASING = YES;
				CLANG_WARN_BOOL_CONVERSION = YES;
				CLANG_WARN_COMMA = YES;
				CLANG_WARN_CONSTANT_CONVERSION = YES;
				CLANG_WARN_DEPRECATED_OBJC_IMPLEMENTATIONS = YES;
				CLANG_WARN_DIRECT_OBJC_ISA_USAGE = YES_ERROR;
				CLANG_WARN_DOCUMENTATION_COMMENTS = YES;
				CLANG_WARN_EMPTY_BODY = YES;
				CLANG_WARN_ENUM_CONVERSION = YES;
				CLANG_WARN_INFINITE_RECURSION = YES;
				CLANG_WARN_INT_CONVERSION = YES;
				CLANG_WARN_NON_LITERAL_NULL_CONVERSION = YES;
				CLANG_WARN_OBJC_IMPLICIT_RETAIN_SELF = YES;
				CLANG_WARN_OBJC_LITERAL_CONVERSION = YES;
				CLANG_WARN_OBJC_ROOT_CLASS = YES_ERROR;
				CLANG_WARN_QUOTED_INCLUDE_IN_FRAMEWORK_HEADER = YES;
				CLANG_WARN_RANGE_LOOP_ANALYSIS = YES;
				CLANG_WARN_STRICT_PROTOTYPES = YES;
				CLANG_WARN_SUSPICIOUS_MOVE = YES;
				CLANG_WARN_UNGUARDED_AVAILABILITY = YES_AGGRESSIVE;
				CLANG_WARN_UNREACHABLE_CODE = YES;
				CLANG_WARN__DUPLICATE_METHOD_MATCH = YES;
				COPY_PHASE_STRIP = NO;
				DEBUG_INFORMATION_FORMAT = dwarf;
				ENABLE_STRICT_OBJC_MSGSEND = YES;
				ENABLE_TESTABILITY = YES;
				GCC_C_LANGUAGE_STANDARD = gnu11;
				GCC_DYNAMIC_NO_PIC = NO;
				GCC_NO_COMMON_BLOCKS = YES;
				GCC_OPTIMIZATION_LEVEL = 0;
				GCC_PREPROCESSOR_DEFINITIONS = (
					"DEBUG=1",
					"$(inherited)",
				);
				GCC_WARN_64_TO_32_BIT_CONVERSION = YES;
				GCC_WARN_ABOUT_RETURN_TYPE = YES_ERROR;
				GCC_WARN_UNDECLARED_SELECTOR = YES;
				GCC_WARN_UNINITIALIZED_AUTOS = YES_AGGRESSIVE;
				GCC_WARN_UNUSED_FUNCTION = YES;
				GCC_WARN_UNUSED_VARIABLE = YES;
				IPHONEOS_DEPLOYMENT_TARGET = 14.0;
				MTL_ENABLE_DEBUG_INFO = INCLUDE_SOURCE;
				MTL_FAST_MATH = YES;
				ONLY_ACTIVE_ARCH = YES;
				SDKROOT = iphoneos;
				SWIFT_ACTIVE_COMPILATION_CONDITIONS = DEBUG;
				SWIFT_OPTIMIZATION_LEVEL = "-Onone";
			};
			name = Debug;
		};
		221114CE28671CD1002FC98C /* Release */ = {
			isa = XCBuildConfiguration;
			buildSettings = {
				ALWAYS_SEARCH_USER_PATHS = NO;
				CLANG_ANALYZER_NONNULL = YES;
				CLANG_ANALYZER_NUMBER_OBJECT_CONVERSION = YES_AGGRESSIVE;
				CLANG_CXX_LANGUAGE_STANDARD = "gnu++17";
				CLANG_ENABLE_MODULES = YES;
				CLANG_ENABLE_OBJC_ARC = YES;
				CLANG_ENABLE_OBJC_WEAK = YES;
				CLANG_WARN_BLOCK_CAPTURE_AUTORELEASING = YES;
				CLANG_WARN_BOOL_CONVERSION = YES;
				CLANG_WARN_COMMA = YES;
				CLANG_WARN_CONSTANT_CONVERSION = YES;
				CLANG_WARN_DEPRECATED_OBJC_IMPLEMENTATIONS = YES;
				CLANG_WARN_DIRECT_OBJC_ISA_USAGE = YES_ERROR;
				CLANG_WARN_DOCUMENTATION_COMMENTS = YES;
				CLANG_WARN_EMPTY_BODY = YES;
				CLANG_WARN_ENUM_CONVERSION = YES;
				CLANG_WARN_INFINITE_RECURSION = YES;
				CLANG_WARN_INT_CONVERSION = YES;
				CLANG_WARN_NON_LITERAL_NULL_CONVERSION = YES;
				CLANG_WARN_OBJC_IMPLICIT_RETAIN_SELF = YES;
				CLANG_WARN_OBJC_LITERAL_CONVERSION = YES;
				CLANG_WARN_OBJC_ROOT_CLASS = YES_ERROR;
				CLANG_WARN_QUOTED_INCLUDE_IN_FRAMEWORK_HEADER = YES;
				CLANG_WARN_RANGE_LOOP_ANALYSIS = YES;
				CLANG_WARN_STRICT_PROTOTYPES = YES;
				CLANG_WARN_SUSPICIOUS_MOVE = YES;
				CLANG_WARN_UNGUARDED_AVAILABILITY = YES_AGGRESSIVE;
				CLANG_WARN_UNREACHABLE_CODE = YES;
				CLANG_WARN__DUPLICATE_METHOD_MATCH = YES;
				COPY_PHASE_STRIP = NO;
				DEBUG_INFORMATION_FORMAT = "dwarf-with-dsym";
				ENABLE_NS_ASSERTIONS = NO;
				ENABLE_STRICT_OBJC_MSGSEND = YES;
				GCC_C_LANGUAGE_STANDARD = gnu11;
				GCC_NO_COMMON_BLOCKS = YES;
				GCC_WARN_64_TO_32_BIT_CONVERSION = YES;
				GCC_WARN_ABOUT_RETURN_TYPE = YES_ERROR;
				GCC_WARN_UNDECLARED_SELECTOR = YES;
				GCC_WARN_UNINITIALIZED_AUTOS = YES_AGGRESSIVE;
				GCC_WARN_UNUSED_FUNCTION = YES;
				GCC_WARN_UNUSED_VARIABLE = YES;
				IPHONEOS_DEPLOYMENT_TARGET = 14.0;
				MTL_ENABLE_DEBUG_INFO = NO;
				MTL_FAST_MATH = YES;
				SDKROOT = iphoneos;
				SWIFT_COMPILATION_MODE = wholemodule;
				SWIFT_OPTIMIZATION_LEVEL = "-O";
				VALIDATE_PRODUCT = YES;
			};
			name = Release;
		};
		221114D028671CD1002FC98C /* Debug */ = {
			isa = XCBuildConfiguration;
			buildSettings = {
				ASSETCATALOG_COMPILER_APPICON_NAME = AppIcon;
				ASSETCATALOG_COMPILER_GLOBAL_ACCENT_COLOR_NAME = AccentColor;
				CODE_SIGN_STYLE = Automatic;
				CURRENT_PROJECT_VERSION = 1;
				DEVELOPMENT_ASSET_PATHS = "\"Tuner/Preview Content\"";
				DEVELOPMENT_TEAM = 9Q36UADFSK;
				ENABLE_PREVIEWS = YES;
				GENERATE_INFOPLIST_FILE = YES;
				INFOPLIST_FILE = Tuner/Info.plist;
				INFOPLIST_KEY_NSMicrophoneUsageDescription = "Allow microphone access to use the tuner";
				INFOPLIST_KEY_UIApplicationSupportsIndirectInputEvents = YES;
				INFOPLIST_KEY_UILaunchScreen_Generation = YES;
				INFOPLIST_KEY_UISupportedInterfaceOrientations = UIInterfaceOrientationPortrait;
				INFOPLIST_KEY_UISupportedInterfaceOrientations_iPad = "UIInterfaceOrientationPortrait UIInterfaceOrientationPortraitUpsideDown UIInterfaceOrientationLandscapeLeft UIInterfaceOrientationLandscapeRight";
				INFOPLIST_KEY_UISupportedInterfaceOrientations_iPhone = UIInterfaceOrientationPortrait;
				LD_RUNPATH_SEARCH_PATHS = (
					"$(inherited)",
					"@executable_path/Frameworks",
				);
				MARKETING_VERSION = 1.0;
				PRODUCT_BUNDLE_IDENTIFIER = timdubbins.Tuner;
				PRODUCT_NAME = "$(TARGET_NAME)";
				SWIFT_EMIT_LOC_STRINGS = YES;
				SWIFT_VERSION = 5.0;
				TARGETED_DEVICE_FAMILY = "1,2";
			};
			name = Debug;
		};
		221114D128671CD1002FC98C /* Release */ = {
			isa = XCBuildConfiguration;
			buildSettings = {
				ASSETCATALOG_COMPILER_APPICON_NAME = AppIcon;
				ASSETCATALOG_COMPILER_GLOBAL_ACCENT_COLOR_NAME = AccentColor;
				CODE_SIGN_STYLE = Automatic;
				CURRENT_PROJECT_VERSION = 1;
				DEVELOPMENT_ASSET_PATHS = "\"Tuner/Preview Content\"";
				DEVELOPMENT_TEAM = 9Q36UADFSK;
				ENABLE_PREVIEWS = YES;
				GENERATE_INFOPLIST_FILE = YES;
				INFOPLIST_FILE = Tuner/Info.plist;
				INFOPLIST_KEY_NSMicrophoneUsageDescription = "Allow microphone access to use the tuner";
				INFOPLIST_KEY_UIApplicationSupportsIndirectInputEvents = YES;
				INFOPLIST_KEY_UILaunchScreen_Generation = YES;
				INFOPLIST_KEY_UISupportedInterfaceOrientations = UIInterfaceOrientationPortrait;
				INFOPLIST_KEY_UISupportedInterfaceOrientations_iPad = "UIInterfaceOrientationPortrait UIInterfaceOrientationPortraitUpsideDown UIInterfaceOrientationLandscapeLeft UIInterfaceOrientationLandscapeRight";
				INFOPLIST_KEY_UISupportedInterfaceOrientations_iPhone = UIInterfaceOrientationPortrait;
				LD_RUNPATH_SEARCH_PATHS = (
					"$(inherited)",
					"@executable_path/Frameworks",
				);
				MARKETING_VERSION = 1.0;
				PRODUCT_BUNDLE_IDENTIFIER = timdubbins.Tuner;
				PRODUCT_NAME = "$(TARGET_NAME)";
				SWIFT_EMIT_LOC_STRINGS = YES;
				SWIFT_VERSION = 5.0;
				TARGETED_DEVICE_FAMILY = "1,2";
			};
			name = Release;
		};
/* End XCBuildConfiguration section */

/* Begin XCConfigurationList section */
		221114BC28671CCF002FC98C /* Build configuration list for PBXProject "Tuner" */ = {
			isa = XCConfigurationList;
			buildConfigurations = (
				221114CD28671CD1002FC98C /* Debug */,
				221114CE28671CD1002FC98C /* Release */,
			);
			defaultConfigurationIsVisible = 0;
			defaultConfigurationName = Release;
		};
		221114CF28671CD1002FC98C /* Build configuration list for PBXNativeTarget "Tuner" */ = {
			isa = XCConfigurationList;
			buildConfigurations = (
				221114D028671CD1002FC98C /* Debug */,
				221114D128671CD1002FC98C /* Release */,
			);
			defaultConfigurationIsVisible = 0;
			defaultConfigurationName = Release;
		};
/* End XCConfigurationList section */

/* Begin XCRemoteSwiftPackageReference section */
		222ABC8F286730F50050EDB1 /* XCRemoteSwiftPackageReference "AudioKit" */ = {
			isa = XCRemoteSwiftPackageReference;
			repositoryURL = "https://github.com/AudioKit/AudioKit";
			requirement = {
				kind = upToNextMajorVersion;
				minimumVersion = 5.0.0;
			};
		};
		222ABC922867316F0050EDB1 /* XCRemoteSwiftPackageReference "AudioKitEX" */ = {
			isa = XCRemoteSwiftPackageReference;
			repositoryURL = "https://github.com/AudioKit/AudioKitEX";
			requirement = {
				kind = upToNextMajorVersion;
				minimumVersion = 5.0.0;
			};
		};
		222ABC95286731990050EDB1 /* XCRemoteSwiftPackageReference "SoundpipeAudioKit" */ = {
			isa = XCRemoteSwiftPackageReference;
			repositoryURL = "https://github.com/AudioKit/SoundpipeAudioKit";
			requirement = {
				kind = upToNextMajorVersion;
				minimumVersion = 5.0.0;
			};
		};
/* End XCRemoteSwiftPackageReference section */

/* Begin XCSwiftPackageProductDependency section */
		222ABC90286730F50050EDB1 /* AudioKit */ = {
			isa = XCSwiftPackageProductDependency;
			package = 222ABC8F286730F50050EDB1 /* XCRemoteSwiftPackageReference "AudioKit" */;
			productName = AudioKit;
		};
		222ABC932867316F0050EDB1 /* AudioKitEX */ = {
			isa = XCSwiftPackageProductDependency;
			package = 222ABC922867316F0050EDB1 /* XCRemoteSwiftPackageReference "AudioKitEX" */;
			productName = AudioKitEX;
		};
		222ABC96286731990050EDB1 /* SoundpipeAudioKit */ = {
			isa = XCSwiftPackageProductDependency;
			package = 222ABC95286731990050EDB1 /* XCRemoteSwiftPackageReference "SoundpipeAudioKit" */;
			productName = SoundpipeAudioKit;
		};
/* End XCSwiftPackageProductDependency section */
	};
	rootObject = 221114B928671CCF002FC98C /* Project object */;
}
