{
  "pins" : [
    {
      "identity" : "audiokit",
      "kind" : "remoteSourceControl",
      "location" : "https://github.com/AudioKit/AudioKit",
      "state" : {
        "revision" : "576528c7618838ed3bdb967b4e176841994aa01d",
        "version" : "5.4.4"
      }
    },
    {
      "identity" : "audiokitex",
      "kind" : "remoteSourceControl",
      "location" : "https://github.com/AudioKit/AudioKitEX",
      "state" : {
        "branch" : "main",
        "revision" : "a84d042d86f487d5265356ca1bcb3e72aa39eea7"
      }
    },
    {
      "identity" : "kissfft",
      "kind" : "remoteSourceControl",
      "location" : "https://github.com/AudioKit/KissFFT",
      "state" : {
        "revision" : "dd0636e151724b8ba2e0908eba4d99a6ff24d00c",
        "version" : "1.0.0"
      }
    },
    {
      "identity" : "soundpipeaudiokit",
      "kind" : "remoteSourceControl",
      "location" : "https://github.com/AudioKit/SoundpipeAudioKit",
      "state" : {
        "branch" : "main",
        "revision" : "471bd2be920d3611f382511fb6217cb2408f8de9"
      }
    }
  ],
  "version" : 2
}
