// !$*UTF8*$!
{
	archiveVersion = 1;
	classes = {
	};
	objectVersion = 55;
	objects = {

/* Begin PBXBuildFile section */
		2205E4FC2885B35E008DB453 /* Animation-State.swift in Sources */ = {isa = PBXBuildFile; fileRef = 2205E4FB2885B35E008DB453 /* Animation-State.swift */; };
		2205E4FE2885CC50008DB453 /* ThemeManagerTests.swift in Sources */ = {isa = PBXBuildFile; fileRef = 2205E4FD2885CC50008DB453 /* ThemeManagerTests.swift */; };
		223D9A232884BCBC0073CD27 /* TuneProApp.swift in Sources */ = {isa = PBXBuildFile; fileRef = 223D9A222884BCBC0073CD27 /* TuneProApp.swift */; };
		223D9A2A2884BCBE0073CD27 /* Preview Assets.xcassets in Resources */ = {isa = PBXBuildFile; fileRef = 223D9A292884BCBE0073CD27 /* Preview Assets.xcassets */; };
		223D9A342884BCBE0073CD27 /* TuneProTests.swift in Sources */ = {isa = PBXBuildFile; fileRef = 223D9A332884BCBE0073CD27 /* TuneProTests.swift */; };
		223D9A3E2884BCBE0073CD27 /* TuneProUITests.swift in Sources */ = {isa = PBXBuildFile; fileRef = 223D9A3D2884BCBE0073CD27 /* TuneProUITests.swift */; };
		223D9A402884BCBE0073CD27 /* TuneProUITestsLaunchTests.swift in Sources */ = {isa = PBXBuildFile; fileRef = 223D9A3F2884BCBE0073CD27 /* TuneProUITestsLaunchTests.swift */; };
		223D9A4F2884BDF20073CD27 /* AudioKit in Frameworks */ = {isa = PBXBuildFile; productRef = 223D9A4E2884BDF20073CD27 /* AudioKit */; };
		223D9A522884BE030073CD27 /* AudioKitEX in Frameworks */ = {isa = PBXBuildFile; productRef = 223D9A512884BE030073CD27 /* AudioKitEX */; };
		223D9A552884BE1B0073CD27 /* SoundpipeAudioKit in Frameworks */ = {isa = PBXBuildFile; productRef = 223D9A542884BE1B0073CD27 /* SoundpipeAudioKit */; };
		223D9A6E2884BE7B0073CD27 /* FlipView.swift in Sources */ = {isa = PBXBuildFile; fileRef = 223D9A572884BE7A0073CD27 /* FlipView.swift */; };
		223D9A6F2884BE7B0073CD27 /* SplashView.swift in Sources */ = {isa = PBXBuildFile; fileRef = 223D9A582884BE7A0073CD27 /* SplashView.swift */; };
		223D9A702884BE7B0073CD27 /* BezelView.swift in Sources */ = {isa = PBXBuildFile; fileRef = 223D9A592884BE7A0073CD27 /* BezelView.swift */; };
		223D9A712884BE7B0073CD27 /* FaceView.swift in Sources */ = {isa = PBXBuildFile; fileRef = 223D9A5A2884BE7A0073CD27 /* FaceView.swift */; };
		223D9A722884BE7B0073CD27 /* VisualizerView.swift in Sources */ = {isa = PBXBuildFile; fileRef = 223D9A5B2884BE7A0073CD27 /* VisualizerView.swift */; };
		223D9A732884BE7B0073CD27 /* TunerView.swift in Sources */ = {isa = PBXBuildFile; fileRef = 223D9A5C2884BE7A0073CD27 /* TunerView.swift */; };
		223D9A742884BE7B0073CD27 /* Audio.swift in Sources */ = {isa = PBXBuildFile; fileRef = 223D9A5D2884BE7A0073CD27 /* Audio.swift */; };
		223D9A752884BE7B0073CD27 /* Data.swift in Sources */ = {isa = PBXBuildFile; fileRef = 223D9A5E2884BE7B0073CD27 /* Data.swift */; };
		223D9A782884BE7B0073CD27 /* View-ReadSize.swift in Sources */ = {isa = PBXBuildFile; fileRef = 223D9A622884BE7B0073CD27 /* View-ReadSize.swift */; };
		223D9A792884BE7B0073CD27 /* Comparable-Clamped.swift in Sources */ = {isa = PBXBuildFile; fileRef = 223D9A632884BE7B0073CD27 /* Comparable-Clamped.swift */; };
		223D9A7A2884BE7B0073CD27 /* CGPoint-Rotate.swift in Sources */ = {isa = PBXBuildFile; fileRef = 223D9A642884BE7B0073CD27 /* CGPoint-Rotate.swift */; };
		223D9A7B2884BE7B0073CD27 /* CGPoint-Midpoint.swift in Sources */ = {isa = PBXBuildFile; fileRef = 223D9A652884BE7B0073CD27 /* CGPoint-Midpoint.swift */; };
		223D9A7C2884BE7B0073CD27 /* WaveShape.swift in Sources */ = {isa = PBXBuildFile; fileRef = 223D9A672884BE7B0073CD27 /* WaveShape.swift */; };
		223D9A7D2884BE7B0073CD27 /* TuningForkShape.swift in Sources */ = {isa = PBXBuildFile; fileRef = 223D9A682884BE7B0073CD27 /* TuningForkShape.swift */; };
		223D9A7E2884BE7B0073CD27 /* TunerModel.swift in Sources */ = {isa = PBXBuildFile; fileRef = 223D9A692884BE7B0073CD27 /* TunerModel.swift */; };
		223D9A7F2884BE7B0073CD27 /* WedgeShape.swift in Sources */ = {isa = PBXBuildFile; fileRef = 223D9A6A2884BE7B0073CD27 /* WedgeShape.swift */; };
		223D9A802884BE7B0073CD27 /* ThemeManager.swift in Sources */ = {isa = PBXBuildFile; fileRef = 223D9A6B2884BE7B0073CD27 /* ThemeManager.swift */; };
		223D9A812884BE7B0073CD27 /* TunerViewModel.swift in Sources */ = {isa = PBXBuildFile; fileRef = 223D9A6D2884BE7B0073CD27 /* TunerViewModel.swift */; };
		223D9A852884C0AD0073CD27 /* Colors.xcassets in Resources */ = {isa = PBXBuildFile; fileRef = 223D9A842884C0AD0073CD27 /* Colors.xcassets */; };
		223D9A892884C8970073CD27 /* Assets.xcassets in Resources */ = {isa = PBXBuildFile; fileRef = 223D9A882884C8970073CD27 /* Assets.xcassets */; };
/* End PBXBuildFile section */

/* Begin PBXContainerItemProxy section */
		223D9A302884BCBE0073CD27 /* PBXContainerItemProxy */ = {
			isa = PBXContainerItemProxy;
			containerPortal = 223D9A172884BCBC0073CD27 /* Project object */;
			proxyType = 1;
			remoteGlobalIDString = 223D9A1E2884BCBC0073CD27;
			remoteInfo = TunePro;
		};
		223D9A3A2884BCBE0073CD27 /* PBXContainerItemProxy */ = {
			isa = PBXContainerItemProxy;
			containerPortal = 223D9A172884BCBC0073CD27 /* Project object */;
			proxyType = 1;
			remoteGlobalIDString = 223D9A1E2884BCBC0073CD27;
			remoteInfo = TunePro;
		};
/* End PBXContainerItemProxy section */

/* Begin PBXFileReference section */
		2205E4FB2885B35E008DB453 /* Animation-State.swift */ = {isa = PBXFileReference; lastKnownFileType = sourcecode.swift; path = "Animation-State.swift"; sourceTree = "<group>"; };
		2205E4FD2885CC50008DB453 /* ThemeManagerTests.swift */ = {isa = PBXFileReference; lastKnownFileType = sourcecode.swift; path = ThemeManagerTests.swift; sourceTree = "<group>"; };
		223D9A1F2884BCBC0073CD27 /* TunePro.app */ = {isa = PBXFileReference; explicitFileType = wrapper.application; includeInIndex = 0; path = TunePro.app; sourceTree = BUILT_PRODUCTS_DIR; };
		223D9A222884BCBC0073CD27 /* TuneProApp.swift */ = {isa = PBXFileReference; lastKnownFileType = sourcecode.swift; path = TuneProApp.swift; sourceTree = "<group>"; };
		223D9A292884BCBE0073CD27 /* Preview Assets.xcassets */ = {isa = PBXFileReference; lastKnownFileType = folder.assetcatalog; path = "Preview Assets.xcassets"; sourceTree = "<group>"; };
		223D9A2F2884BCBE0073CD27 /* TuneProTests.xctest */ = {isa = PBXFileReference; explicitFileType = wrapper.cfbundle; includeInIndex = 0; path = TuneProTests.xctest; sourceTree = BUILT_PRODUCTS_DIR; };
		223D9A332884BCBE0073CD27 /* TuneProTests.swift */ = {isa = PBXFileReference; lastKnownFileType = sourcecode.swift; path = TuneProTests.swift; sourceTree = "<group>"; };
		223D9A392884BCBE0073CD27 /* TuneProUITests.xctest */ = {isa = PBXFileReference; explicitFileType = wrapper.cfbundle; includeInIndex = 0; path = TuneProUITests.xctest; sourceTree = BUILT_PRODUCTS_DIR; };
		223D9A3D2884BCBE0073CD27 /* TuneProUITests.swift */ = {isa = PBXFileReference; lastKnownFileType = sourcecode.swift; path = TuneProUITests.swift; sourceTree = "<group>"; };
		223D9A3F2884BCBE0073CD27 /* TuneProUITestsLaunchTests.swift */ = {isa = PBXFileReference; lastKnownFileType = sourcecode.swift; path = TuneProUITestsLaunchTests.swift; sourceTree = "<group>"; };
		223D9A572884BE7A0073CD27 /* FlipView.swift */ = {isa = PBXFileReference; fileEncoding = 4; lastKnownFileType = sourcecode.swift; path = FlipView.swift; sourceTree = "<group>"; };
		223D9A582884BE7A0073CD27 /* SplashView.swift */ = {isa = PBXFileReference; fileEncoding = 4; lastKnownFileType = sourcecode.swift; path = SplashView.swift; sourceTree = "<group>"; };
		223D9A592884BE7A0073CD27 /* BezelView.swift */ = {isa = PBXFileReference; fileEncoding = 4; lastKnownFileType = sourcecode.swift; path = BezelView.swift; sourceTree = "<group>"; };
		223D9A5A2884BE7A0073CD27 /* FaceView.swift */ = {isa = PBXFileReference; fileEncoding = 4; lastKnownFileType = sourcecode.swift; path = FaceView.swift; sourceTree = "<group>"; };
		223D9A5B2884BE7A0073CD27 /* VisualizerView.swift */ = {isa = PBXFileReference; fileEncoding = 4; lastKnownFileType = sourcecode.swift; path = VisualizerView.swift; sourceTree = "<group>"; };
		223D9A5C2884BE7A0073CD27 /* TunerView.swift */ = {isa = PBXFileReference; fileEncoding = 4; lastKnownFileType = sourcecode.swift; path = TunerView.swift; sourceTree = "<group>"; };
		223D9A5D2884BE7A0073CD27 /* Audio.swift */ = {isa = PBXFileReference; fileEncoding = 4; lastKnownFileType = sourcecode.swift; path = Audio.swift; sourceTree = "<group>"; };
		223D9A5E2884BE7B0073CD27 /* Data.swift */ = {isa = PBXFileReference; fileEncoding = 4; lastKnownFileType = sourcecode.swift; path = Data.swift; sourceTree = "<group>"; };
		223D9A622884BE7B0073CD27 /* View-ReadSize.swift */ = {isa = PBXFileReference; fileEncoding = 4; lastKnownFileType = sourcecode.swift; path = "View-ReadSize.swift"; sourceTree = "<group>"; };
		223D9A632884BE7B0073CD27 /* Comparable-Clamped.swift */ = {isa = PBXFileReference; fileEncoding = 4; lastKnownFileType = sourcecode.swift; path = "Comparable-Clamped.swift"; sourceTree = "<group>"; };
		223D9A642884BE7B0073CD27 /* CGPoint-Rotate.swift */ = {isa = PBXFileReference; fileEncoding = 4; lastKnownFileType = sourcecode.swift; path = "CGPoint-Rotate.swift"; sourceTree = "<group>"; };
		223D9A652884BE7B0073CD27 /* CGPoint-Midpoint.swift */ = {isa = PBXFileReference; fileEncoding = 4; lastKnownFileType = sourcecode.swift; path = "CGPoint-Midpoint.swift"; sourceTree = "<group>"; };
		223D9A672884BE7B0073CD27 /* WaveShape.swift */ = {isa = PBXFileReference; fileEncoding = 4; lastKnownFileType = sourcecode.swift; path = WaveShape.swift; sourceTree = "<group>"; };
		223D9A682884BE7B0073CD27 /* TuningForkShape.swift */ = {isa = PBXFileReference; fileEncoding = 4; lastKnownFileType = sourcecode.swift; path = TuningForkShape.swift; sourceTree = "<group>"; };
		223D9A692884BE7B0073CD27 /* TunerModel.swift */ = {isa = PBXFileReference; fileEncoding = 4; lastKnownFileType = sourcecode.swift; path = TunerModel.swift; sourceTree = "<group>"; };
		223D9A6A2884BE7B0073CD27 /* WedgeShape.swift */ = {isa = PBXFileReference; fileEncoding = 4; lastKnownFileType = sourcecode.swift; path = WedgeShape.swift; sourceTree = "<group>"; };
		223D9A6B2884BE7B0073CD27 /* ThemeManager.swift */ = {isa = PBXFileReference; fileEncoding = 4; lastKnownFileType = sourcecode.swift; path = ThemeManager.swift; sourceTree = "<group>"; };
		223D9A6D2884BE7B0073CD27 /* TunerViewModel.swift */ = {isa = PBXFileReference; fileEncoding = 4; lastKnownFileType = sourcecode.swift; path = TunerViewModel.swift; sourceTree = "<group>"; };
		223D9A842884C0AD0073CD27 /* Colors.xcassets */ = {isa = PBXFileReference; lastKnownFileType = folder.assetcatalog; path = Colors.xcassets; sourceTree = "<group>"; };
		223D9A882884C8970073CD27 /* Assets.xcassets */ = {isa = PBXFileReference; lastKnownFileType = folder.assetcatalog; path = Assets.xcassets; sourceTree = "<group>"; };
/* End PBXFileReference section */

/* Begin PBXFrameworksBuildPhase section */
		223D9A1C2884BCBC0073CD27 /* Frameworks */ = {
			isa = PBXFrameworksBuildPhase;
			buildActionMask = 2147483647;
			files = (
				223D9A4F2884BDF20073CD27 /* AudioKit in Frameworks */,
				223D9A522884BE030073CD27 /* AudioKitEX in Frameworks */,
				223D9A552884BE1B0073CD27 /* SoundpipeAudioKit in Frameworks */,
			);
			runOnlyForDeploymentPostprocessing = 0;
		};
		223D9A2C2884BCBE0073CD27 /* Frameworks */ = {
			isa = PBXFrameworksBuildPhase;
			buildActionMask = 2147483647;
			files = (
			);
			runOnlyForDeploymentPostprocessing = 0;
		};
		223D9A362884BCBE0073CD27 /* Frameworks */ = {
			isa = PBXFrameworksBuildPhase;
			buildActionMask = 2147483647;
			files = (
			);
			runOnlyForDeploymentPostprocessing = 0;
		};
/* End PBXFrameworksBuildPhase section */

/* Begin PBXGroup section */
		223D9A162884BCBC0073CD27 = {
			isa = PBXGroup;
			children = (
				223D9A212884BCBC0073CD27 /* TunePro */,
				223D9A322884BCBE0073CD27 /* TuneProTests */,
				223D9A3C2884BCBE0073CD27 /* TuneProUITests */,
				223D9A202884BCBC0073CD27 /* Products */,
			);
			sourceTree = "<group>";
		};
		223D9A202884BCBC0073CD27 /* Products */ = {
			isa = PBXGroup;
			children = (
				223D9A1F2884BCBC0073CD27 /* TunePro.app */,
				223D9A2F2884BCBE0073CD27 /* TuneProTests.xctest */,
				223D9A392884BCBE0073CD27 /* TuneProUITests.xctest */,
			);
			name = Products;
			sourceTree = "<group>";
		};
		223D9A212884BCBC0073CD27 /* TunePro */ = {
			isa = PBXGroup;
			children = (
				223D9A222884BCBC0073CD27 /* TuneProApp.swift */,
				223D9A5D2884BE7A0073CD27 /* Audio.swift */,
				223D9A5E2884BE7B0073CD27 /* Data.swift */,
				223D9A6B2884BE7B0073CD27 /* ThemeManager.swift */,
				223D9A662884BE7B0073CD27 /* Models */,
				223D9A6C2884BE7B0073CD27 /* ViewModels */,
				223D9A562884BE7A0073CD27 /* Views */,
				223D9A612884BE7B0073CD27 /* Extensions */,
				223D9A882884C8970073CD27 /* Assets.xcassets */,
				223D9A842884C0AD0073CD27 /* Colors.xcassets */,
				223D9A282884BCBE0073CD27 /* Preview Content */,
			);
			path = TunePro;
			sourceTree = "<group>";
		};
		223D9A282884BCBE0073CD27 /* Preview Content */ = {
			isa = PBXGroup;
			children = (
				223D9A292884BCBE0073CD27 /* Preview Assets.xcassets */,
			);
			path = "Preview Content";
			sourceTree = "<group>";
		};
		223D9A322884BCBE0073CD27 /* TuneProTests */ = {
			isa = PBXGroup;
			children = (
				223D9A332884BCBE0073CD27 /* TuneProTests.swift */,
				2205E4FD2885CC50008DB453 /* ThemeManagerTests.swift */,
			);
			path = TuneProTests;
			sourceTree = "<group>";
		};
		223D9A3C2884BCBE0073CD27 /* TuneProUITests */ = {
			isa = PBXGroup;
			children = (
				223D9A3D2884BCBE0073CD27 /* TuneProUITests.swift */,
				223D9A3F2884BCBE0073CD27 /* TuneProUITestsLaunchTests.swift */,
			);
			path = TuneProUITests;
			sourceTree = "<group>";
		};
		223D9A562884BE7A0073CD27 /* Views */ = {
			isa = PBXGroup;
			children = (
				223D9A572884BE7A0073CD27 /* FlipView.swift */,
				223D9A582884BE7A0073CD27 /* SplashView.swift */,
				223D9A592884BE7A0073CD27 /* BezelView.swift */,
				223D9A5A2884BE7A0073CD27 /* FaceView.swift */,
				223D9A5B2884BE7A0073CD27 /* VisualizerView.swift */,
				223D9A5C2884BE7A0073CD27 /* TunerView.swift */,
			);
			path = Views;
			sourceTree = "<group>";
		};
		223D9A612884BE7B0073CD27 /* Extensions */ = {
			isa = PBXGroup;
			children = (
				223D9A622884BE7B0073CD27 /* View-ReadSize.swift */,
				2205E4FB2885B35E008DB453 /* Animation-State.swift */,
				223D9A632884BE7B0073CD27 /* Comparable-Clamped.swift */,
				223D9A642884BE7B0073CD27 /* CGPoint-Rotate.swift */,
				223D9A652884BE7B0073CD27 /* CGPoint-Midpoint.swift */,
			);
			path = Extensions;
			sourceTree = "<group>";
		};
		223D9A662884BE7B0073CD27 /* Models */ = {
			isa = PBXGroup;
			children = (
				223D9A672884BE7B0073CD27 /* WaveShape.swift */,
				223D9A682884BE7B0073CD27 /* TuningForkShape.swift */,
				223D9A692884BE7B0073CD27 /* TunerModel.swift */,
				223D9A6A2884BE7B0073CD27 /* WedgeShape.swift */,
			);
			path = Models;
			sourceTree = "<group>";
		};
		223D9A6C2884BE7B0073CD27 /* ViewModels */ = {
			isa = PBXGroup;
			children = (
				223D9A6D2884BE7B0073CD27 /* TunerViewModel.swift */,
			);
			path = ViewModels;
			sourceTree = "<group>";
		};
/* End PBXGroup section */

/* Begin PBXNativeTarget section */
		223D9A1E2884BCBC0073CD27 /* TunePro */ = {
			isa = PBXNativeTarget;
			buildConfigurationList = 223D9A432884BCBE0073CD27 /* Build configuration list for PBXNativeTarget "TunePro" */;
			buildPhases = (
				223D9A1B2884BCBC0073CD27 /* Sources */,
				223D9A1C2884BCBC0073CD27 /* Frameworks */,
				223D9A1D2884BCBC0073CD27 /* Resources */,
			);
			buildRules = (
			);
			dependencies = (
			);
			name = TunePro;
			packageProductDependencies = (
				223D9A4E2884BDF20073CD27 /* AudioKit */,
				223D9A512884BE030073CD27 /* AudioKitEX */,
				223D9A542884BE1B0073CD27 /* SoundpipeAudioKit */,
			);
			productName = TunePro;
			productReference = 223D9A1F2884BCBC0073CD27 /* TunePro.app */;
			productType = "com.apple.product-type.application";
		};
		223D9A2E2884BCBE0073CD27 /* TuneProTests */ = {
			isa = PBXNativeTarget;
			buildConfigurationList = 223D9A462884BCBE0073CD27 /* Build configuration list for PBXNativeTarget "TuneProTests" */;
			buildPhases = (
				223D9A2B2884BCBE0073CD27 /* Sources */,
				223D9A2C2884BCBE0073CD27 /* Frameworks */,
				223D9A2D2884BCBE0073CD27 /* Resources */,
			);
			buildRules = (
			);
			dependencies = (
				223D9A312884BCBE0073CD27 /* PBXTargetDependency */,
			);
			name = TuneProTests;
			productName = TuneProTests;
			productReference = 223D9A2F2884BCBE0073CD27 /* TuneProTests.xctest */;
			productType = "com.apple.product-type.bundle.unit-test";
		};
		223D9A382884BCBE0073CD27 /* TuneProUITests */ = {
			isa = PBXNativeTarget;
			buildConfigurationList = 223D9A492884BCBE0073CD27 /* Build configuration list for PBXNativeTarget "TuneProUITests" */;
			buildPhases = (
				223D9A352884BCBE0073CD27 /* Sources */,
				223D9A362884BCBE0073CD27 /* Frameworks */,
				223D9A372884BCBE0073CD27 /* Resources */,
			);
			buildRules = (
			);
			dependencies = (
				223D9A3B2884BCBE0073CD27 /* PBXTargetDependency */,
			);
			name = TuneProUITests;
			productName = TuneProUITests;
			productReference = 223D9A392884BCBE0073CD27 /* TuneProUITests.xctest */;
			productType = "com.apple.product-type.bundle.ui-testing";
		};
/* End PBXNativeTarget section */

/* Begin PBXProject section */
		223D9A172884BCBC0073CD27 /* Project object */ = {
			isa = PBXProject;
			attributes = {
				BuildIndependentTargetsInParallel = 1;
				LastSwiftUpdateCheck = 1330;
				LastUpgradeCheck = 1330;
				TargetAttributes = {
					223D9A1E2884BCBC0073CD27 = {
						CreatedOnToolsVersion = 13.3;
					};
					223D9A2E2884BCBE0073CD27 = {
						CreatedOnToolsVersion = 13.3;
						TestTargetID = 223D9A1E2884BCBC0073CD27;
					};
					223D9A382884BCBE0073CD27 = {
						CreatedOnToolsVersion = 13.3;
						TestTargetID = 223D9A1E2884BCBC0073CD27;
					};
				};
			};
			buildConfigurationList = 223D9A1A2884BCBC0073CD27 /* Build configuration list for PBXProject "TunePro" */;
			compatibilityVersion = "Xcode 13.0";
			developmentRegion = en;
			hasScannedForEncodings = 0;
			knownRegions = (
				en,
				Base,
			);
			mainGroup = 223D9A162884BCBC0073CD27;
			packageReferences = (
				223D9A4D2884BDF20073CD27 /* XCRemoteSwiftPackageReference "AudioKit" */,
				223D9A502884BE030073CD27 /* XCRemoteSwiftPackageReference "AudioKitEX" */,
				223D9A532884BE1B0073CD27 /* XCRemoteSwiftPackageReference "SoundpipeAudioKit" */,
			);
			productRefGroup = 223D9A202884BCBC0073CD27 /* Products */;
			projectDirPath = "";
			projectRoot = "";
			targets = (
				223D9A1E2884BCBC0073CD27 /* TunePro */,
				223D9A2E2884BCBE0073CD27 /* TuneProTests */,
				223D9A382884BCBE0073CD27 /* TuneProUITests */,
			);
		};
/* End PBXProject section */

/* Begin PBXResourcesBuildPhase section */
		223D9A1D2884BCBC0073CD27 /* Resources */ = {
			isa = PBXResourcesBuildPhase;
			buildActionMask = 2147483647;
			files = (
				223D9A852884C0AD0073CD27 /* Colors.xcassets in Resources */,
				223D9A892884C8970073CD27 /* Assets.xcassets in Resources */,
				223D9A2A2884BCBE0073CD27 /* Preview Assets.xcassets in Resources */,
			);
			runOnlyForDeploymentPostprocessing = 0;
		};
		223D9A2D2884BCBE0073CD27 /* Resources */ = {
			isa = PBXResourcesBuildPhase;
			buildActionMask = 2147483647;
			files = (
			);
			runOnlyForDeploymentPostprocessing = 0;
		};
		223D9A372884BCBE0073CD27 /* Resources */ = {
			isa = PBXResourcesBuildPhase;
			buildActionMask = 2147483647;
			files = (
			);
			runOnlyForDeploymentPostprocessing = 0;
		};
/* End PBXResourcesBuildPhase section */

/* Begin PBXSourcesBuildPhase section */
		223D9A1B2884BCBC0073CD27 /* Sources */ = {
			isa = PBXSourcesBuildPhase;
			buildActionMask = 2147483647;
			files = (
				223D9A782884BE7B0073CD27 /* View-ReadSize.swift in Sources */,
				223D9A7C2884BE7B0073CD27 /* WaveShape.swift in Sources */,
				223D9A742884BE7B0073CD27 /* Audio.swift in Sources */,
				223D9A7A2884BE7B0073CD27 /* CGPoint-Rotate.swift in Sources */,
				223D9A752884BE7B0073CD27 /* Data.swift in Sources */,
				223D9A7B2884BE7B0073CD27 /* CGPoint-Midpoint.swift in Sources */,
				223D9A792884BE7B0073CD27 /* Comparable-Clamped.swift in Sources */,
				223D9A7D2884BE7B0073CD27 /* TuningForkShape.swift in Sources */,
				223D9A812884BE7B0073CD27 /* TunerViewModel.swift in Sources */,
				223D9A702884BE7B0073CD27 /* BezelView.swift in Sources */,
				223D9A7F2884BE7B0073CD27 /* WedgeShape.swift in Sources */,
				223D9A6F2884BE7B0073CD27 /* SplashView.swift in Sources */,
				223D9A732884BE7B0073CD27 /* TunerView.swift in Sources */,
				223D9A7E2884BE7B0073CD27 /* TunerModel.swift in Sources */,
				223D9A722884BE7B0073CD27 /* VisualizerView.swift in Sources */,
				223D9A802884BE7B0073CD27 /* ThemeManager.swift in Sources */,
				223D9A6E2884BE7B0073CD27 /* FlipView.swift in Sources */,
				223D9A232884BCBC0073CD27 /* TuneProApp.swift in Sources */,
				2205E4FC2885B35E008DB453 /* Animation-State.swift in Sources */,
				223D9A712884BE7B0073CD27 /* FaceView.swift in Sources */,
			);
			runOnlyForDeploymentPostprocessing = 0;
		};
		223D9A2B2884BCBE0073CD27 /* Sources */ = {
			isa = PBXSourcesBuildPhase;
			buildActionMask = 2147483647;
			files = (
				223D9A342884BCBE0073CD27 /* TuneProTests.swift in Sources */,
				2205E4FE2885CC50008DB453 /* ThemeManagerTests.swift in Sources */,
			);
			runOnlyForDeploymentPostprocessing = 0;
		};
		223D9A352884BCBE0073CD27 /* Sources */ = {
			isa = PBXSourcesBuildPhase;
			buildActionMask = 2147483647;
			files = (
				223D9A402884BCBE0073CD27 /* TuneProUITestsLaunchTests.swift in Sources */,
				223D9A3E2884BCBE0073CD27 /* TuneProUITests.swift in Sources */,
			);
			runOnlyForDeploymentPostprocessing = 0;
		};
/* End PBXSourcesBuildPhase section */

/* Begin PBXTargetDependency section */
		223D9A312884BCBE0073CD27 /* PBXTargetDependency */ = {
			isa = PBXTargetDependency;
			target = 223D9A1E2884BCBC0073CD27 /* TunePro */;
			targetProxy = 223D9A302884BCBE0073CD27 /* PBXContainerItemProxy */;
		};
		223D9A3B2884BCBE0073CD27 /* PBXTargetDependency */ = {
			isa = PBXTargetDependency;
			target = 223D9A1E2884BCBC0073CD27 /* TunePro */;
			targetProxy = 223D9A3A2884BCBE0073CD27 /* PBXContainerItemProxy */;
		};
/* End PBXTargetDependency section */

/* Begin XCBuildConfiguration section */
		223D9A412884BCBE0073CD27 /* Debug */ = {
			isa = XCBuildConfiguration;
			buildSettings = {
				ALWAYS_SEARCH_USER_PATHS = NO;
				CLANG_ANALYZER_NONNULL = YES;
				CLANG_ANALYZER_NUMBER_OBJECT_CONVERSION = YES_AGGRESSIVE;
				CLANG_CXX_LANGUAGE_STANDARD = "gnu++17";
				CLANG_ENABLE_MODULES = YES;
				CLANG_ENABLE_OBJC_ARC = YES;
				CLANG_ENABLE_OBJC_WEAK = YES;
				CLANG_WARN_BLOCK_CAPTURE_AUTORELEASING = YES;
				CLANG_WARN_BOOL_CONVERSION = YES;
				CLANG_WARN_COMMA = YES;
				CLANG_WARN_CONSTANT_CONVERSION = YES;
				CLANG_WARN_DEPRECATED_OBJC_IMPLEMENTATIONS = YES;
				CLANG_WARN_DIRECT_OBJC_ISA_USAGE = YES_ERROR;
				CLANG_WARN_DOCUMENTATION_COMMENTS = YES;
				CLANG_WARN_EMPTY_BODY = YES;
				CLANG_WARN_ENUM_CONVERSION = YES;
				CLANG_WARN_INFINITE_RECURSION = YES;
				CLANG_WARN_INT_CONVERSION = YES;
				CLANG_WARN_NON_LITERAL_NULL_CONVERSION = YES;
				CLANG_WARN_OBJC_IMPLICIT_RETAIN_SELF = YES;
				CLANG_WARN_OBJC_LITERAL_CONVERSION = YES;
				CLANG_WARN_OBJC_ROOT_CLASS = YES_ERROR;
				CLANG_WARN_QUOTED_INCLUDE_IN_FRAMEWORK_HEADER = YES;
				CLANG_WARN_RANGE_LOOP_ANALYSIS = YES;
				CLANG_WARN_STRICT_PROTOTYPES = YES;
				CLANG_WARN_SUSPICIOUS_MOVE = YES;
				CLANG_WARN_UNGUARDED_AVAILABILITY = YES_AGGRESSIVE;
				CLANG_WARN_UNREACHABLE_CODE = YES;
				CLANG_WARN__DUPLICATE_METHOD_MATCH = YES;
				COPY_PHASE_STRIP = NO;
				DEBUG_INFORMATION_FORMAT = dwarf;
				ENABLE_STRICT_OBJC_MSGSEND = YES;
				ENABLE_TESTABILITY = YES;
				GCC_C_LANGUAGE_STANDARD = gnu11;
				GCC_DYNAMIC_NO_PIC = NO;
				GCC_NO_COMMON_BLOCKS = YES;
				GCC_OPTIMIZATION_LEVEL = 0;
				GCC_PREPROCESSOR_DEFINITIONS = (
					"DEBUG=1",
					"$(inherited)",
				);
				GCC_WARN_64_TO_32_BIT_CONVERSION = YES;
				GCC_WARN_ABOUT_RETURN_TYPE = YES_ERROR;
				GCC_WARN_UNDECLARED_SELECTOR = YES;
				GCC_WARN_UNINITIALIZED_AUTOS = YES_AGGRESSIVE;
				GCC_WARN_UNUSED_FUNCTION = YES;
				GCC_WARN_UNUSED_VARIABLE = YES;
				IPHONEOS_DEPLOYMENT_TARGET = 14.0;
				MTL_ENABLE_DEBUG_INFO = INCLUDE_SOURCE;
				MTL_FAST_MATH = YES;
				ONLY_ACTIVE_ARCH = YES;
				SDKROOT = iphoneos;
				SWIFT_ACTIVE_COMPILATION_CONDITIONS = DEBUG;
				SWIFT_OPTIMIZATION_LEVEL = "-Onone";
			};
			name = Debug;
		};
		223D9A422884BCBE0073CD27 /* Release */ = {
			isa = XCBuildConfiguration;
			buildSettings = {
				ALWAYS_SEARCH_USER_PATHS = NO;
				CLANG_ANALYZER_NONNULL = YES;
				CLANG_ANALYZER_NUMBER_OBJECT_CONVERSION = YES_AGGRESSIVE;
				CLANG_CXX_LANGUAGE_STANDARD = "gnu++17";
				CLANG_ENABLE_MODULES = YES;
				CLANG_ENABLE_OBJC_ARC = YES;
				CLANG_ENABLE_OBJC_WEAK = YES;
				CLANG_WARN_BLOCK_CAPTURE_AUTORELEASING = YES;
				CLANG_WARN_BOOL_CONVERSION = YES;
				CLANG_WARN_COMMA = YES;
				CLANG_WARN_CONSTANT_CONVERSION = YES;
				CLANG_WARN_DEPRECATED_OBJC_IMPLEMENTATIONS = YES;
				CLANG_WARN_DIRECT_OBJC_ISA_USAGE = YES_ERROR;
				CLANG_WARN_DOCUMENTATION_COMMENTS = YES;
				CLANG_WARN_EMPTY_BODY = YES;
				CLANG_WARN_ENUM_CONVERSION = YES;
				CLANG_WARN_INFINITE_RECURSION = YES;
				CLANG_WARN_INT_CONVERSION = YES;
				CLANG_WARN_NON_LITERAL_NULL_CONVERSION = YES;
				CLANG_WARN_OBJC_IMPLICIT_RETAIN_SELF = YES;
				CLANG_WARN_OBJC_LITERAL_CONVERSION = YES;
				CLANG_WARN_OBJC_ROOT_CLASS = YES_ERROR;
				CLANG_WARN_QUOTED_INCLUDE_IN_FRAMEWORK_HEADER = YES;
				CLANG_WARN_RANGE_LOOP_ANALYSIS = YES;
				CLANG_WARN_STRICT_PROTOTYPES = YES;
				CLANG_WARN_SUSPICIOUS_MOVE = YES;
				CLANG_WARN_UNGUARDED_AVAILABILITY = YES_AGGRESSIVE;
				CLANG_WARN_UNREACHABLE_CODE = YES;
				CLANG_WARN__DUPLICATE_METHOD_MATCH = YES;
				COPY_PHASE_STRIP = NO;
				DEBUG_INFORMATION_FORMAT = "dwarf-with-dsym";
				ENABLE_NS_ASSERTIONS = NO;
				ENABLE_STRICT_OBJC_MSGSEND = YES;
				GCC_C_LANGUAGE_STANDARD = gnu11;
				GCC_NO_COMMON_BLOCKS = YES;
				GCC_WARN_64_TO_32_BIT_CONVERSION = YES;
				GCC_WARN_ABOUT_RETURN_TYPE = YES_ERROR;
				GCC_WARN_UNDECLARED_SELECTOR = YES;
				GCC_WARN_UNINITIALIZED_AUTOS = YES_AGGRESSIVE;
				GCC_WARN_UNUSED_FUNCTION = YES;
				GCC_WARN_UNUSED_VARIABLE = YES;
				IPHONEOS_DEPLOYMENT_TARGET = 14.0;
				MTL_ENABLE_DEBUG_INFO = NO;
				MTL_FAST_MATH = YES;
				SDKROOT = iphoneos;
				SWIFT_COMPILATION_MODE = wholemodule;
				SWIFT_OPTIMIZATION_LEVEL = "-O";
				VALIDATE_PRODUCT = YES;
			};
			name = Release;
		};
		223D9A442884BCBE0073CD27 /* Debug */ = {
			isa = XCBuildConfiguration;
			buildSettings = {
				ASSETCATALOG_COMPILER_APPICON_NAME = AppIcon;
				ASSETCATALOG_COMPILER_GLOBAL_ACCENT_COLOR_NAME = AccentColor;
				CODE_SIGN_STYLE = Automatic;
				CURRENT_PROJECT_VERSION = 1;
				DEVELOPMENT_ASSET_PATHS = "\"TunePro/Preview Content\"";
				DEVELOPMENT_TEAM = 9Q36UADFSK;
				ENABLE_PREVIEWS = YES;
				GENERATE_INFOPLIST_FILE = YES;
				INFOPLIST_KEY_NSMicrophoneUsageDescription = "The app uses the microphone to detect the frequency and amplitude of sound. This data is used in the tuner display and is not stored or collected.";
				INFOPLIST_KEY_UIApplicationSceneManifest_Generation = YES;
				INFOPLIST_KEY_UIApplicationSupportsIndirectInputEvents = YES;
				INFOPLIST_KEY_UILaunchScreen_Generation = YES;
				INFOPLIST_KEY_UISupportedInterfaceOrientations_iPad = "UIInterfaceOrientationPortrait UIInterfaceOrientationPortraitUpsideDown UIInterfaceOrientationLandscapeLeft UIInterfaceOrientationLandscapeRight";
				INFOPLIST_KEY_UISupportedInterfaceOrientations_iPhone = "UIInterfaceOrientationPortrait UIInterfaceOrientationLandscapeLeft UIInterfaceOrientationLandscapeRight";
				LD_RUNPATH_SEARCH_PATHS = (
					"$(inherited)",
					"@executable_path/Frameworks",
				);
				MARKETING_VERSION = 1.0;
				PRODUCT_BUNDLE_IDENTIFIER = timdubbins.Tuner;
				PRODUCT_NAME = "$(TARGET_NAME)";
				SWIFT_EMIT_LOC_STRINGS = YES;
				SWIFT_VERSION = 5.0;
				TARGETED_DEVICE_FAMILY = "1,2";
			};
			name = Debug;
		};
		223D9A452884BCBE0073CD27 /* Release */ = {
			isa = XCBuildConfiguration;
			buildSettings = {
				ASSETCATALOG_COMPILER_APPICON_NAME = AppIcon;
				ASSETCATALOG_COMPILER_GLOBAL_ACCENT_COLOR_NAME = AccentColor;
				CODE_SIGN_STYLE = Automatic;
				CURRENT_PROJECT_VERSION = 1;
				DEVELOPMENT_ASSET_PATHS = "\"TunePro/Preview Content\"";
				DEVELOPMENT_TEAM = 9Q36UADFSK;
				ENABLE_PREVIEWS = YES;
				GENERATE_INFOPLIST_FILE = YES;
				INFOPLIST_KEY_NSMicrophoneUsageDescription = "The app uses the microphone to detect the frequency and amplitude of sound. This data is used in the tuner display and is not stored or collected.";
				INFOPLIST_KEY_UIApplicationSceneManifest_Generation = YES;
				INFOPLIST_KEY_UIApplicationSupportsIndirectInputEvents = YES;
				INFOPLIST_KEY_UILaunchScreen_Generation = YES;
				INFOPLIST_KEY_UISupportedInterfaceOrientations_iPad = "UIInterfaceOrientationPortrait UIInterfaceOrientationPortraitUpsideDown UIInterfaceOrientationLandscapeLeft UIInterfaceOrientationLandscapeRight";
				INFOPLIST_KEY_UISupportedInterfaceOrientations_iPhone = "UIInterfaceOrientationPortrait UIInterfaceOrientationLandscapeLeft UIInterfaceOrientationLandscapeRight";
				LD_RUNPATH_SEARCH_PATHS = (
					"$(inherited)",
					"@executable_path/Frameworks",
				);
				MARKETING_VERSION = 1.0;
				PRODUCT_BUNDLE_IDENTIFIER = timdubbins.Tuner;
				PRODUCT_NAME = "$(TARGET_NAME)";
				SWIFT_EMIT_LOC_STRINGS = YES;
				SWIFT_VERSION = 5.0;
				TARGETED_DEVICE_FAMILY = "1,2";
			};
			name = Release;
		};
		223D9A472884BCBE0073CD27 /* Debug */ = {
			isa = XCBuildConfiguration;
			buildSettings = {
				ALWAYS_EMBED_SWIFT_STANDARD_LIBRARIES = YES;
				BUNDLE_LOADER = "$(TEST_HOST)";
				CODE_SIGN_STYLE = Automatic;
				CURRENT_PROJECT_VERSION = 1;
				DEVELOPMENT_TEAM = 9Q36UADFSK;
				GENERATE_INFOPLIST_FILE = YES;
				IPHONEOS_DEPLOYMENT_TARGET = 14.0;
				MARKETING_VERSION = 1.0;
				PRODUCT_BUNDLE_IDENTIFIER = timdubbins.TuneProTests;
				PRODUCT_NAME = "$(TARGET_NAME)";
				SWIFT_EMIT_LOC_STRINGS = NO;
				SWIFT_VERSION = 5.0;
				TARGETED_DEVICE_FAMILY = "1,2";
				TEST_HOST = "$(BUILT_PRODUCTS_DIR)/TunePro.app/TunePro";
			};
			name = Debug;
		};
		223D9A482884BCBE0073CD27 /* Release */ = {
			isa = XCBuildConfiguration;
			buildSettings = {
				ALWAYS_EMBED_SWIFT_STANDARD_LIBRARIES = YES;
				BUNDLE_LOADER = "$(TEST_HOST)";
				CODE_SIGN_STYLE = Automatic;
				CURRENT_PROJECT_VERSION = 1;
				DEVELOPMENT_TEAM = 9Q36UADFSK;
				GENERATE_INFOPLIST_FILE = YES;
				IPHONEOS_DEPLOYMENT_TARGET = 14.0;
				MARKETING_VERSION = 1.0;
				PRODUCT_BUNDLE_IDENTIFIER = timdubbins.TuneProTests;
				PRODUCT_NAME = "$(TARGET_NAME)";
				SWIFT_EMIT_LOC_STRINGS = NO;
				SWIFT_VERSION = 5.0;
				TARGETED_DEVICE_FAMILY = "1,2";
				TEST_HOST = "$(BUILT_PRODUCTS_DIR)/TunePro.app/TunePro";
			};
			name = Release;
		};
		223D9A4A2884BCBE0073CD27 /* Debug */ = {
			isa = XCBuildConfiguration;
			buildSettings = {
				ALWAYS_EMBED_SWIFT_STANDARD_LIBRARIES = YES;
				CODE_SIGN_STYLE = Automatic;
				CURRENT_PROJECT_VERSION = 1;
				DEVELOPMENT_TEAM = 9Q36UADFSK;
				GENERATE_INFOPLIST_FILE = YES;
				MARKETING_VERSION = 1.0;
				PRODUCT_BUNDLE_IDENTIFIER = timdubbins.TuneProUITests;
				PRODUCT_NAME = "$(TARGET_NAME)";
				SWIFT_EMIT_LOC_STRINGS = NO;
				SWIFT_VERSION = 5.0;
				TARGETED_DEVICE_FAMILY = "1,2";
				TEST_TARGET_NAME = TunePro;
			};
			name = Debug;
		};
		223D9A4B2884BCBE0073CD27 /* Release */ = {
			isa = XCBuildConfiguration;
			buildSettings = {
				ALWAYS_EMBED_SWIFT_STANDARD_LIBRARIES = YES;
				CODE_SIGN_STYLE = Automatic;
				CURRENT_PROJECT_VERSION = 1;
				DEVELOPMENT_TEAM = 9Q36UADFSK;
				GENERATE_INFOPLIST_FILE = YES;
				MARKETING_VERSION = 1.0;
				PRODUCT_BUNDLE_IDENTIFIER = timdubbins.TuneProUITests;
				PRODUCT_NAME = "$(TARGET_NAME)";
				SWIFT_EMIT_LOC_STRINGS = NO;
				SWIFT_VERSION = 5.0;
				TARGETED_DEVICE_FAMILY = "1,2";
				TEST_TARGET_NAME = TunePro;
			};
			name = Release;
		};
/* End XCBuildConfiguration section */

/* Begin XCConfigurationList section */
		223D9A1A2884BCBC0073CD27 /* Build configuration list for PBXProject "TunePro" */ = {
			isa = XCConfigurationList;
			buildConfigurations = (
				223D9A412884BCBE0073CD27 /* Debug */,
				223D9A422884BCBE0073CD27 /* Release */,
			);
			defaultConfigurationIsVisible = 0;
			defaultConfigurationName = Release;
		};
		223D9A432884BCBE0073CD27 /* Build configuration list for PBXNativeTarget "TunePro" */ = {
			isa = XCConfigurationList;
			buildConfigurations = (
				223D9A442884BCBE0073CD27 /* Debug */,
				223D9A452884BCBE0073CD27 /* Release */,
			);
			defaultConfigurationIsVisible = 0;
			defaultConfigurationName = Release;
		};
		223D9A462884BCBE0073CD27 /* Build configuration list for PBXNativeTarget "TuneProTests" */ = {
			isa = XCConfigurationList;
			buildConfigurations = (
				223D9A472884BCBE0073CD27 /* Debug */,
				223D9A482884BCBE0073CD27 /* Release */,
			);
			defaultConfigurationIsVisible = 0;
			defaultConfigurationName = Release;
		};
		223D9A492884BCBE0073CD27 /* Build configuration list for PBXNativeTarget "TuneProUITests" */ = {
			isa = XCConfigurationList;
			buildConfigurations = (
				223D9A4A2884BCBE0073CD27 /* Debug */,
				223D9A4B2884BCBE0073CD27 /* Release */,
			);
			defaultConfigurationIsVisible = 0;
			defaultConfigurationName = Release;
		};
/* End XCConfigurationList section */

/* Begin XCRemoteSwiftPackageReference section */
		223D9A4D2884BDF20073CD27 /* XCRemoteSwiftPackageReference "AudioKit" */ = {
			isa = XCRemoteSwiftPackageReference;
			repositoryURL = "https://github.com/AudioKit/AudioKit";
			requirement = {
				kind = upToNextMajorVersion;
				minimumVersion = 5.0.0;
			};
		};
		223D9A502884BE030073CD27 /* XCRemoteSwiftPackageReference "AudioKitEX" */ = {
			isa = XCRemoteSwiftPackageReference;
			repositoryURL = "https://github.com/AudioKit/AudioKitEX";
			requirement = {
				branch = main;
				kind = branch;
			};
		};
		223D9A532884BE1B0073CD27 /* XCRemoteSwiftPackageReference "SoundpipeAudioKit" */ = {
			isa = XCRemoteSwiftPackageReference;
			repositoryURL = "https://github.com/AudioKit/SoundpipeAudioKit";
			requirement = {
				branch = main;
				kind = branch;
			};
		};
/* End XCRemoteSwiftPackageReference section */

/* Begin XCSwiftPackageProductDependency section */
		223D9A4E2884BDF20073CD27 /* AudioKit */ = {
			isa = XCSwiftPackageProductDependency;
			package = 223D9A4D2884BDF20073CD27 /* XCRemoteSwiftPackageReference "AudioKit" */;
			productName = AudioKit;
		};
		223D9A512884BE030073CD27 /* AudioKitEX */ = {
			isa = XCSwiftPackageProductDependency;
			package = 223D9A502884BE030073CD27 /* XCRemoteSwiftPackageReference "AudioKitEX" */;
			productName = AudioKitEX;
		};
		223D9A542884BE1B0073CD27 /* SoundpipeAudioKit */ = {
			isa = XCSwiftPackageProductDependency;
			package = 223D9A532884BE1B0073CD27 /* XCRemoteSwiftPackageReference "SoundpipeAudioKit" */;
			productName = SoundpipeAudioKit;
		};
/* End XCSwiftPackageProductDependency section */
	};
	rootObject = 223D9A172884BCBC0073CD27 /* Project object */;
}
